# generated by rye
# use `rye lock` or `rye sync` to update this lockfile
#
# last locked with the following flags:
#   pre: false
#   features: []
#   all-features: false
#   with-sources: false
#   generate-hashes: false

-e file:.
annotated-types==0.7.0
    # via pydantic
pydantic==2.8.2
    # via pydantic-settings
pydantic-core==2.20.1
    # via pydantic
pydantic-settings==2.3.4
    # via pydantic-file-settings
python-dotenv==1.0.1
    # via pydantic-settings
typing-extensions==4.12.2
    # via pydantic
    # via pydantic-core
